// !$*UTF8*$!
{
	archiveVersion = 1;
	classes = {
	};
	objectVersion = 48;
	objects = {

/* Begin PBXBuildFile section */
		4B089C831FDE5A0A004B7212 /* Snake.swift in Sources */ = {isa = PBXBuildFile; fileRef = 4B089C821FDE5A09004B7212 /* Snake.swift */; };
		4B0BD1041FDD97C9004760AC /* AppDelegate.swift in Sources */ = {isa = PBXBuildFile; fileRef = 4B0BD1031FDD97C9004760AC /* AppDelegate.swift */; };
		4B0BD10B1FDD97C9004760AC /* Assets.xcassets in Resources */ = {isa = PBXBuildFile; fileRef = 4B0BD10A1FDD97C9004760AC /* Assets.xcassets */; };
		4B0BD10E1FDD97C9004760AC /* LaunchScreen.storyboard in Resources */ = {isa = PBXBuildFile; fileRef = 4B0BD10C1FDD97C9004760AC /* LaunchScreen.storyboard */; };
		4B0BD11D1FDD97EC004760AC /* GameOverViewController.swift in Sources */ = {isa = PBXBuildFile; fileRef = 4B0BD1161FDD97EB004760AC /* GameOverViewController.swift */; };
		4B0BD11F1FDD97EC004760AC /* PlayAreaViewController.swift in Sources */ = {isa = PBXBuildFile; fileRef = 4B0BD1181FDD97EC004760AC /* PlayAreaViewController.swift */; };
		4B0BD1211FDD97EC004760AC /* ConfigViewController.swift in Sources */ = {isa = PBXBuildFile; fileRef = 4B0BD11A1FDD97EC004760AC /* ConfigViewController.swift */; };
		4B0BD1221FDD97EC004760AC /* ScoresViewController.swift in Sources */ = {isa = PBXBuildFile; fileRef = 4B0BD11B1FDD97EC004760AC /* ScoresViewController.swift */; };
		4B0BD1241FDD9808004760AC /* Main.storyboard in Resources */ = {isa = PBXBuildFile; fileRef = 4B0BD1231FDD9807004760AC /* Main.storyboard */; };
		4B0BD1271FDD98E7004760AC /* SnakeView.swift in Sources */ = {isa = PBXBuildFile; fileRef = 4B0BD1251FDD98E7004760AC /* SnakeView.swift */; };
/* End PBXBuildFile section */

/* Begin PBXFileReference section */
		4B089C821FDE5A09004B7212 /* Snake.swift */ = {isa = PBXFileReference; fileEncoding = 4; lastKnownFileType = sourcecode.swift; path = Snake.swift; sourceTree = "<group>"; };
		4B0BD1001FDD97C9004760AC /* Sekans.app */ = {isa = PBXFileReference; explicitFileType = wrapper.application; includeInIndex = 0; path = Sekans.app; sourceTree = BUILT_PRODUCTS_DIR; };
		4B0BD1031FDD97C9004760AC /* AppDelegate.swift */ = {isa = PBXFileReference; lastKnownFileType = sourcecode.swift; path = AppDelegate.swift; sourceTree = "<group>"; };
		4B0BD10A1FDD97C9004760AC /* Assets.xcassets */ = {isa = PBXFileReference; lastKnownFileType = folder.assetcatalog; path = Assets.xcassets; sourceTree = "<group>"; };
		4B0BD10D1FDD97C9004760AC /* Base */ = {isa = PBXFileReference; lastKnownFileType = file.storyboard; name = Base; path = Base.lproj/LaunchScreen.storyboard; sourceTree = "<group>"; };
		4B0BD10F1FDD97C9004760AC /* Info.plist */ = {isa = PBXFileReference; lastKnownFileType = text.plist.xml; path = Info.plist; sourceTree = "<group>"; };
		4B0BD1161FDD97EB004760AC /* GameOverViewController.swift */ = {isa = PBXFileReference; fileEncoding = 4; lastKnownFileType = sourcecode.swift; path = GameOverViewController.swift; sourceTree = "<group>"; };
		4B0BD1181FDD97EC004760AC /* PlayAreaViewController.swift */ = {isa = PBXFileReference; fileEncoding = 4; lastKnownFileType = sourcecode.swift; path = PlayAreaViewController.swift; sourceTree = "<group>"; };
		4B0BD11A1FDD97EC004760AC /* ConfigViewController.swift */ = {isa = PBXFileReference; fileEncoding = 4; lastKnownFileType = sourcecode.swift; path = ConfigViewController.swift; sourceTree = "<group>"; };
		4B0BD11B1FDD97EC004760AC /* ScoresViewController.swift */ = {isa = PBXFileReference; fileEncoding = 4; lastKnownFileType = sourcecode.swift; path = ScoresViewController.swift; sourceTree = "<group>"; };
		4B0BD1231FDD9807004760AC /* Main.storyboard */ = {isa = PBXFileReference; fileEncoding = 4; lastKnownFileType = file.storyboard; path = Main.storyboard; sourceTree = "<group>"; };
		4B0BD1251FDD98E7004760AC /* SnakeView.swift */ = {isa = PBXFileReference; fileEncoding = 4; lastKnownFileType = sourcecode.swift; path = SnakeView.swift; sourceTree = "<group>"; };
/* End PBXFileReference section */

/* Begin PBXFrameworksBuildPhase section */
		4B0BD0FD1FDD97C9004760AC /* Frameworks */ = {
			isa = PBXFrameworksBuildPhase;
			buildActionMask = 2147483647;
			files = (
			);
			runOnlyForDeploymentPostprocessing = 0;
		};
/* End PBXFrameworksBuildPhase section */

/* Begin PBXGroup section */
		4B0BD0F71FDD97C9004760AC = {
			isa = PBXGroup;
			children = (
				4B0BD1021FDD97C9004760AC /* Sekans */,
				4B0BD1011FDD97C9004760AC /* Products */,
			);
			sourceTree = "<group>";
		};
		4B0BD1011FDD97C9004760AC /* Products */ = {
			isa = PBXGroup;
			children = (
				4B0BD1001FDD97C9004760AC /* Sekans.app */,
			);
			name = Products;
			sourceTree = "<group>";
		};
		4B0BD1021FDD97C9004760AC /* Sekans */ = {
			isa = PBXGroup;
			children = (
				4B0BD11A1FDD97EC004760AC /* ConfigViewController.swift */,
				4B0BD1161FDD97EB004760AC /* GameOverViewController.swift */,
				4B0BD11B1FDD97EC004760AC /* ScoresViewController.swift */,
				4B0BD1181FDD97EC004760AC /* PlayAreaViewController.swift */,
				4B0BD1251FDD98E7004760AC /* SnakeView.swift */,
				4B089C821FDE5A09004B7212 /* Snake.swift */,
				4B0BD1031FDD97C9004760AC /* AppDelegate.swift */,
				4B0BD1231FDD9807004760AC /* Main.storyboard */,
				4B0BD10A1FDD97C9004760AC /* Assets.xcassets */,
				4B0BD10C1FDD97C9004760AC /* LaunchScreen.storyboard */,
				4B0BD10F1FDD97C9004760AC /* Info.plist */,
			);
			path = Sekans;
			sourceTree = "<group>";
		};
/* End PBXGroup section */

/* Begin PBXNativeTarget section */
		4B0BD0FF1FDD97C9004760AC /* Sekans */ = {
			isa = PBXNativeTarget;
			buildConfigurationList = 4B0BD1121FDD97C9004760AC /* Build configuration list for PBXNativeTarget "Sekans" */;
			buildPhases = (
				4B0BD0FC1FDD97C9004760AC /* Sources */,
				4B0BD0FD1FDD97C9004760AC /* Frameworks */,
				4B0BD0FE1FDD97C9004760AC /* Resources */,
			);
			buildRules = (
			);
			dependencies = (
			);
			name = Sekans;
			productName = Sekans;
			productReference = 4B0BD1001FDD97C9004760AC /* Sekans.app */;
			productType = "com.apple.product-type.application";
		};
/* End PBXNativeTarget section */

/* Begin PBXProject section */
		4B0BD0F81FDD97C9004760AC /* Project object */ = {
			isa = PBXProject;
			attributes = {
				LastSwiftUpdateCheck = 0920;
				LastUpgradeCheck = 0920;
				ORGANIZATIONNAME = Mantis;
				TargetAttributes = {
					4B0BD0FF1FDD97C9004760AC = {
						CreatedOnToolsVersion = 9.2;
						ProvisioningStyle = Automatic;
					};
				};
			};
			buildConfigurationList = 4B0BD0FB1FDD97C9004760AC /* Build configuration list for PBXProject "Sekans" */;
			compatibilityVersion = "Xcode 8.0";
			developmentRegion = en;
			hasScannedForEncodings = 0;
			knownRegions = (
				en,
				Base,
			);
			mainGroup = 4B0BD0F71FDD97C9004760AC;
			productRefGroup = 4B0BD1011FDD97C9004760AC /* Products */;
			projectDirPath = "";
			projectRoot = "";
			targets = (
				4B0BD0FF1FDD97C9004760AC /* Sekans */,
			);
		};
/* End PBXProject section */

/* Begin PBXResourcesBuildPhase section */
		4B0BD0FE1FDD97C9004760AC /* Resources */ = {
			isa = PBXResourcesBuildPhase;
			buildActionMask = 2147483647;
			files = (
				4B0BD1241FDD9808004760AC /* Main.storyboard in Resources */,
				4B0BD10E1FDD97C9004760AC /* LaunchScreen.storyboard in Resources */,
				4B0BD10B1FDD97C9004760AC /* Assets.xcassets in Resources */,
			);
			runOnlyForDeploymentPostprocessing = 0;
		};
/* End PBXResourcesBuildPhase section */

/* Begin PBXSourcesBuildPhase section */
		4B0BD0FC1FDD97C9004760AC /* Sources */ = {
			isa = PBXSourcesBuildPhase;
			buildActionMask = 2147483647;
			files = (
				4B089C831FDE5A0A004B7212 /* Snake.swift in Sources */,
				4B0BD11F1FDD97EC004760AC /* PlayAreaViewController.swift in Sources */,
				4B0BD1221FDD97EC004760AC /* ScoresViewController.swift in Sources */,
				4B0BD1041FDD97C9004760AC /* AppDelegate.swift in Sources */,
				4B0BD1211FDD97EC004760AC /* ConfigViewController.swift in Sources */,
				4B0BD11D1FDD97EC004760AC /* GameOverViewController.swift in Sources */,
				4B0BD1271FDD98E7004760AC /* SnakeView.swift in Sources */,
			);
			runOnlyForDeploymentPostprocessing = 0;
		};
/* End PBXSourcesBuildPhase section */

/* Begin PBXVariantGroup section */
		4B0BD10C1FDD97C9004760AC /* LaunchScreen.storyboard */ = {
			isa = PBXVariantGroup;
			children = (
				4B0BD10D1FDD97C9004760AC /* Base */,
			);
			name = LaunchScreen.storyboard;
			sourceTree = "<group>";
		};
/* End PBXVariantGroup section */

/* Begin XCBuildConfiguration section */
		4B0BD1101FDD97C9004760AC /* Debug */ = {
			isa = XCBuildConfiguration;
			buildSettings = {
				ALWAYS_SEARCH_USER_PATHS = NO;
				CLANG_ANALYZER_NONNULL = YES;
				CLANG_ANALYZER_NUMBER_OBJECT_CONVERSION = YES_AGGRESSIVE;
				CLANG_CXX_LANGUAGE_STANDARD = "gnu++14";
				CLANG_CXX_LIBRARY = "libc++";
				CLANG_ENABLE_MODULES = YES;
				CLANG_ENABLE_OBJC_ARC = YES;
				CLANG_WARN_BLOCK_CAPTURE_AUTORELEASING = YES;
				CLANG_WARN_BOOL_CONVERSION = YES;
				CLANG_WARN_COMMA = YES;
				CLANG_WARN_CONSTANT_CONVERSION = YES;
				CLANG_WARN_DIRECT_OBJC_ISA_USAGE = YES_ERROR;
				CLANG_WARN_DOCUMENTATION_COMMENTS = YES;
				CLANG_WARN_EMPTY_BODY = YES;
				CLANG_WARN_ENUM_CONVERSION = YES;
				CLANG_WARN_INFINITE_RECURSION = YES;
				CLANG_WARN_INT_CONVERSION = YES;
				CLANG_WARN_NON_LITERAL_NULL_CONVERSION = YES;
				CLANG_WARN_OBJC_LITERAL_CONVERSION = YES;
				CLANG_WARN_OBJC_ROOT_CLASS = YES_ERROR;
				CLANG_WARN_RANGE_LOOP_ANALYSIS = YES;
				CLANG_WARN_STRICT_PROTOTYPES = YES;
				CLANG_WARN_SUSPICIOUS_MOVE = YES;
				CLANG_WARN_UNGUARDED_AVAILABILITY = YES_AGGRESSIVE;
				CLANG_WARN_UNREACHABLE_CODE = YES;
				CLANG_WARN__DUPLICATE_METHOD_MATCH = YES;
				CODE_SIGN_IDENTITY = "iPhone Developer";
				COPY_PHASE_STRIP = NO;
				DEBUG_INFORMATION_FORMAT = dwarf;
				ENABLE_STRICT_OBJC_MSGSEND = YES;
				ENABLE_TESTABILITY = YES;
				GCC_C_LANGUAGE_STANDARD = gnu11;
				GCC_DYNAMIC_NO_PIC = NO;
				GCC_NO_COMMON_BLOCKS = YES;
				GCC_OPTIMIZATION_LEVEL = 0;
				GCC_PREPROCESSOR_DEFINITIONS = (
					"DEBUG=1",
					"$(inherited)",
				);
				GCC_WARN_64_TO_32_BIT_CONVERSION = YES;
				GCC_WARN_ABOUT_RETURN_TYPE = YES_ERROR;
				GCC_WARN_UNDECLARED_SELECTOR = YES;
				GCC_WARN_UNINITIALIZED_AUTOS = YES_AGGRESSIVE;
				GCC_WARN_UNUSED_FUNCTION = YES;
				GCC_WARN_UNUSED_VARIABLE = YES;
				IPHONEOS_DEPLOYMENT_TARGET = 11.2;
				MTL_ENABLE_DEBUG_INFO = YES;
				ONLY_ACTIVE_ARCH = YES;
				SDKROOT = iphoneos;
				SWIFT_ACTIVE_COMPILATION_CONDITIONS = DEBUG;
				SWIFT_OPTIMIZATION_LEVEL = "-Onone";
			};
			name = Debug;
		};
		4B0BD1111FDD97C9004760AC /* Release */ = {
			isa = XCBuildConfiguration;
			buildSettings = {
				ALWAYS_SEARCH_USER_PATHS = NO;
				CLANG_ANALYZER_NONNULL = YES;
				CLANG_ANALYZER_NUMBER_OBJECT_CONVERSION = YES_AGGRESSIVE;
				CLANG_CXX_LANGUAGE_STANDARD = "gnu++14";
				CLANG_CXX_LIBRARY = "libc++";
				CLANG_ENABLE_MODULES = YES;
				CLANG_ENABLE_OBJC_ARC = YES;
				CLANG_WARN_BLOCK_CAPTURE_AUTORELEASING = YES;
				CLANG_WARN_BOOL_CONVERSION = YES;
				CLANG_WARN_COMMA = YES;
				CLANG_WARN_CONSTANT_CONVERSION = YES;
				CLANG_WARN_DIRECT_OBJC_ISA_USAGE = YES_ERROR;
				CLANG_WARN_DOCUMENTATION_COMMENTS = YES;
				CLANG_WARN_EMPTY_BODY = YES;
				CLANG_WARN_ENUM_CONVERSION = YES;
				CLANG_WARN_INFINITE_RECURSION = YES;
				CLANG_WARN_INT_CONVERSION = YES;
				CLANG_WARN_NON_LITERAL_NULL_CONVERSION = YES;
				CLANG_WARN_OBJC_LITERAL_CONVERSION = YES;
				CLANG_WARN_OBJC_ROOT_CLASS = YES_ERROR;
				CLANG_WARN_RANGE_LOOP_ANALYSIS = YES;
				CLANG_WARN_STRICT_PROTOTYPES = YES;
				CLANG_WARN_SUSPICIOUS_MOVE = YES;
				CLANG_WARN_UNGUARDED_AVAILABILITY = YES_AGGRESSIVE;
				CLANG_WARN_UNREACHABLE_CODE = YES;
				CLANG_WARN__DUPLICATE_METHOD_MATCH = YES;
				CODE_SIGN_IDENTITY = "iPhone Developer";
				COPY_PHASE_STRIP = NO;
				DEBUG_INFORMATION_FORMAT = "dwarf-with-dsym";
				ENABLE_NS_ASSERTIONS = NO;
				ENABLE_STRICT_OBJC_MSGSEND = YES;
				GCC_C_LANGUAGE_STANDARD = gnu11;
				GCC_NO_COMMON_BLOCKS = YES;
				GCC_WARN_64_TO_32_BIT_CONVERSION = YES;
				GCC_WARN_ABOUT_RETURN_TYPE = YES_ERROR;
				GCC_WARN_UNDECLARED_SELECTOR = YES;
				GCC_WARN_UNINITIALIZED_AUTOS = YES_AGGRESSIVE;
				GCC_WARN_UNUSED_FUNCTION = YES;
				GCC_WARN_UNUSED_VARIABLE = YES;
				IPHONEOS_DEPLOYMENT_TARGET = 11.2;
				MTL_ENABLE_DEBUG_INFO = NO;
				SDKROOT = iphoneos;
				SWIFT_OPTIMIZATION_LEVEL = "-Owholemodule";
				VALIDATE_PRODUCT = YES;
			};
			name = Release;
		};
		4B0BD1131FDD97C9004760AC /* Debug */ = {
			isa = XCBuildConfiguration;
			buildSettings = {
				ASSETCATALOG_COMPILER_APPICON_NAME = AppIcon;
				CODE_SIGN_STYLE = Automatic;
				DEVELOPMENT_TEAM = 2YSTA9Y272;
				INFOPLIST_FILE = Sekans/Info.plist;
				IPHONEOS_DEPLOYMENT_TARGET = 10.0;
				LD_RUNPATH_SEARCH_PATHS = "$(inherited) @executable_path/Frameworks";
				PRODUCT_BUNDLE_IDENTIFIER = com.mantis.Sekans;
				PRODUCT_NAME = "$(TARGET_NAME)";
				SWIFT_VERSION = 4.0;
				TARGETED_DEVICE_FAMILY = "1,2";
			};
			name = Debug;
		};
		4B0BD1141FDD97C9004760AC /* Release */ = {
			isa = XCBuildConfiguration;
			buildSettings = {
				ASSETCATALOG_COMPILER_APPICON_NAME = AppIcon;
				CODE_SIGN_STYLE = Automatic;
				DEVELOPMENT_TEAM = 2YSTA9Y272;
				INFOPLIST_FILE = Sekans/Info.plist;
				IPHONEOS_DEPLOYMENT_TARGET = 10.0;
				LD_RUNPATH_SEARCH_PATHS = "$(inherited) @executable_path/Frameworks";
				PRODUCT_BUNDLE_IDENTIFIER = com.mantis.Sekans;
				PRODUCT_NAME = "$(TARGET_NAME)";
				SWIFT_VERSION = 4.0;
				TARGETED_DEVICE_FAMILY = "1,2";
			};
			name = Release;
		};
/* End XCBuildConfiguration section */

/* Begin XCConfigurationList section */
		4B0BD0FB1FDD97C9004760AC /* Build configuration list for PBXProject "Sekans" */ = {
			isa = XCConfigurationList;
			buildConfigurations = (
				4B0BD1101FDD97C9004760AC /* Debug */,
				4B0BD1111FDD97C9004760AC /* Release */,
			);
			defaultConfigurationIsVisible = 0;
			defaultConfigurationName = Release;
		};
		4B0BD1121FDD97C9004760AC /* Build configuration list for PBXNativeTarget "Sekans" */ = {
			isa = XCConfigurationList;
			buildConfigurations = (
				4B0BD1131FDD97C9004760AC /* Debug */,
				4B0BD1141FDD97C9004760AC /* Release */,
			);
			defaultConfigurationIsVisible = 0;
			defaultConfigurationName = Release;
		};
/* End XCConfigurationList section */
	};
	rootObject = 4B0BD0F81FDD97C9004760AC /* Project object */;
}
